// !$*UTF8*$!
{
	archiveVersion = 1;
	classes = {
	};
	objectVersion = 50;
	objects = {

/* Begin PBXBuildFile section */
		DF24196222EF1F38001E03E1 /* ArticleData.swift in Sources */ = {isa = PBXBuildFile; fileRef = DF7A9A5822EE1486001B008E /* ArticleData.swift */; };
		DF24196722EF1F97001E03E1 /* tochka_test.xcdatamodeld in Sources */ = {isa = PBXBuildFile; fileRef = DF24196522EF1F97001E03E1 /* tochka_test.xcdatamodeld */; };
		DF24196A22EF209A001E03E1 /* Article+CoreDataClass.swift in Sources */ = {isa = PBXBuildFile; fileRef = DF24196822EF209A001E03E1 /* Article+CoreDataClass.swift */; };
		DF24196B22EF209A001E03E1 /* Article+CoreDataProperties.swift in Sources */ = {isa = PBXBuildFile; fileRef = DF24196922EF209A001E03E1 /* Article+CoreDataProperties.swift */; };
		DF24196E22EF61DF001E03E1 /* NewsTableViewModel.swift in Sources */ = {isa = PBXBuildFile; fileRef = DF24196D22EF61DF001E03E1 /* NewsTableViewModel.swift */; };
		DF39043922EF0F06009AB350 /* LocalService.swift in Sources */ = {isa = PBXBuildFile; fileRef = DF39043822EF0F06009AB350 /* LocalService.swift */; };
		DF7A9A4122EE0D18001B008E /* AppDelegate.swift in Sources */ = {isa = PBXBuildFile; fileRef = DF7A9A4022EE0D18001B008E /* AppDelegate.swift */; };
		DF7A9A4322EE0D18001B008E /* NewsTableViewController.swift in Sources */ = {isa = PBXBuildFile; fileRef = DF7A9A4222EE0D18001B008E /* NewsTableViewController.swift */; };
		DF7A9A4B22EE0D1A001B008E /* Assets.xcassets in Resources */ = {isa = PBXBuildFile; fileRef = DF7A9A4A22EE0D1A001B008E /* Assets.xcassets */; };
		DF7A9A4E22EE0D1A001B008E /* LaunchScreen.storyboard in Resources */ = {isa = PBXBuildFile; fileRef = DF7A9A4C22EE0D1A001B008E /* LaunchScreen.storyboard */; };
		DF7A9A5D22EE1A4B001B008E /* RemoteService.swift in Sources */ = {isa = PBXBuildFile; fileRef = DF7A9A5C22EE1A4B001B008E /* RemoteService.swift */; };
		DF7A9A5F22EE1DC7001B008E /* WebModel.swift in Sources */ = {isa = PBXBuildFile; fileRef = DF7A9A5E22EE1DC7001B008E /* WebModel.swift */; };
		DF7A9A6222EE3819001B008E /* NavigationController.swift in Sources */ = {isa = PBXBuildFile; fileRef = DF7A9A6122EE3819001B008E /* NavigationController.swift */; };
		DF7A9A6722EE3AB5001B008E /* NewsTableViewCell.swift in Sources */ = {isa = PBXBuildFile; fileRef = DF7A9A6622EE3AB5001B008E /* NewsTableViewCell.swift */; };
/* End PBXBuildFile section */

/* Begin PBXFileReference section */
		DF24196622EF1F97001E03E1 /* tochka_test.xcdatamodel */ = {isa = PBXFileReference; lastKnownFileType = wrapper.xcdatamodel; path = tochka_test.xcdatamodel; sourceTree = "<group>"; };
		DF24196822EF209A001E03E1 /* Article+CoreDataClass.swift */ = {isa = PBXFileReference; lastKnownFileType = sourcecode.swift; path = "Article+CoreDataClass.swift"; sourceTree = "<group>"; };
		DF24196922EF209A001E03E1 /* Article+CoreDataProperties.swift */ = {isa = PBXFileReference; lastKnownFileType = sourcecode.swift; path = "Article+CoreDataProperties.swift"; sourceTree = "<group>"; };
		DF24196D22EF61DF001E03E1 /* NewsTableViewModel.swift */ = {isa = PBXFileReference; lastKnownFileType = sourcecode.swift; path = NewsTableViewModel.swift; sourceTree = "<group>"; };
		DF39043822EF0F06009AB350 /* LocalService.swift */ = {isa = PBXFileReference; lastKnownFileType = sourcecode.swift; path = LocalService.swift; sourceTree = "<group>"; };
		DF7A9A3D22EE0D18001B008E /* tochka_test.app */ = {isa = PBXFileReference; explicitFileType = wrapper.application; includeInIndex = 0; path = tochka_test.app; sourceTree = BUILT_PRODUCTS_DIR; };
		DF7A9A4022EE0D18001B008E /* AppDelegate.swift */ = {isa = PBXFileReference; lastKnownFileType = sourcecode.swift; path = AppDelegate.swift; sourceTree = "<group>"; };
		DF7A9A4222EE0D18001B008E /* NewsTableViewController.swift */ = {isa = PBXFileReference; lastKnownFileType = sourcecode.swift; path = NewsTableViewController.swift; sourceTree = "<group>"; };
		DF7A9A4A22EE0D1A001B008E /* Assets.xcassets */ = {isa = PBXFileReference; lastKnownFileType = folder.assetcatalog; path = Assets.xcassets; sourceTree = "<group>"; };
		DF7A9A4D22EE0D1A001B008E /* Base */ = {isa = PBXFileReference; lastKnownFileType = file.storyboard; name = Base; path = Base.lproj/LaunchScreen.storyboard; sourceTree = "<group>"; };
		DF7A9A4F22EE0D1A001B008E /* Info.plist */ = {isa = PBXFileReference; lastKnownFileType = text.plist.xml; path = Info.plist; sourceTree = "<group>"; };
		DF7A9A5822EE1486001B008E /* ArticleData.swift */ = {isa = PBXFileReference; lastKnownFileType = sourcecode.swift; path = ArticleData.swift; sourceTree = "<group>"; };
		DF7A9A5C22EE1A4B001B008E /* RemoteService.swift */ = {isa = PBXFileReference; lastKnownFileType = sourcecode.swift; path = RemoteService.swift; sourceTree = "<group>"; };
		DF7A9A5E22EE1DC7001B008E /* WebModel.swift */ = {isa = PBXFileReference; lastKnownFileType = sourcecode.swift; path = WebModel.swift; sourceTree = "<group>"; };
		DF7A9A6122EE3819001B008E /* NavigationController.swift */ = {isa = PBXFileReference; lastKnownFileType = sourcecode.swift; path = NavigationController.swift; sourceTree = "<group>"; };
		DF7A9A6622EE3AB5001B008E /* NewsTableViewCell.swift */ = {isa = PBXFileReference; lastKnownFileType = sourcecode.swift; path = NewsTableViewCell.swift; sourceTree = "<group>"; };
/* End PBXFileReference section */

/* Begin PBXFrameworksBuildPhase section */
		DF7A9A3A22EE0D18001B008E /* Frameworks */ = {
			isa = PBXFrameworksBuildPhase;
			buildActionMask = 2147483647;
			files = (
			);
			runOnlyForDeploymentPostprocessing = 0;
		};
/* End PBXFrameworksBuildPhase section */

/* Begin PBXGroup section */
		DF24196C22EF61A3001E03E1 /* ViewModels */ = {
			isa = PBXGroup;
			children = (
				DF24196D22EF61DF001E03E1 /* NewsTableViewModel.swift */,
			);
			path = ViewModels;
			sourceTree = "<group>";
		};
		DF7A9A3422EE0D18001B008E = {
			isa = PBXGroup;
			children = (
				DF7A9A3F22EE0D18001B008E /* tochka_test */,
				DF7A9A3E22EE0D18001B008E /* Products */,
			);
			sourceTree = "<group>";
		};
		DF7A9A3E22EE0D18001B008E /* Products */ = {
			isa = PBXGroup;
			children = (
				DF7A9A3D22EE0D18001B008E /* tochka_test.app */,
			);
			name = Products;
			sourceTree = "<group>";
		};
		DF7A9A3F22EE0D18001B008E /* tochka_test */ = {
			isa = PBXGroup;
			children = (
				DF24196C22EF61A3001E03E1 /* ViewModels */,
				DF7A9A6322EE39C6001B008E /* Views */,
				DF7A9A6022EE37DE001B008E /* Controllers */,
				DF7A9A5A22EE1A1F001B008E /* Services */,
				DF7A9A5722EE1411001B008E /* Model */,
				DF7A9A4022EE0D18001B008E /* AppDelegate.swift */,
				DF7A9A4A22EE0D1A001B008E /* Assets.xcassets */,
				DF7A9A4C22EE0D1A001B008E /* LaunchScreen.storyboard */,
				DF7A9A4F22EE0D1A001B008E /* Info.plist */,
			);
			path = tochka_test;
			sourceTree = "<group>";
		};
		DF7A9A5722EE1411001B008E /* Model */ = {
			isa = PBXGroup;
			children = (
				DF24196822EF209A001E03E1 /* Article+CoreDataClass.swift */,
				DF24196922EF209A001E03E1 /* Article+CoreDataProperties.swift */,
				DF24196522EF1F97001E03E1 /* tochka_test.xcdatamodeld */,
				DF7A9A5822EE1486001B008E /* ArticleData.swift */,
				DF7A9A5E22EE1DC7001B008E /* WebModel.swift */,
			);
			path = Model;
			sourceTree = "<group>";
		};
		DF7A9A5A22EE1A1F001B008E /* Services */ = {
			isa = PBXGroup;
			children = (
				DF7A9A5C22EE1A4B001B008E /* RemoteService.swift */,
				DF39043822EF0F06009AB350 /* LocalService.swift */,
			);
			path = Services;
			sourceTree = "<group>";
		};
		DF7A9A6022EE37DE001B008E /* Controllers */ = {
			isa = PBXGroup;
			children = (
				DF7A9A4222EE0D18001B008E /* NewsTableViewController.swift */,
				DF7A9A6122EE3819001B008E /* NavigationController.swift */,
			);
			path = Controllers;
			sourceTree = "<group>";
		};
		DF7A9A6322EE39C6001B008E /* Views */ = {
			isa = PBXGroup;
			children = (
				DF7A9A6622EE3AB5001B008E /* NewsTableViewCell.swift */,
			);
			path = Views;
			sourceTree = "<group>";
		};
/* End PBXGroup section */

/* Begin PBXNativeTarget section */
		DF7A9A3C22EE0D18001B008E /* tochka_test */ = {
			isa = PBXNativeTarget;
			buildConfigurationList = DF7A9A5222EE0D1A001B008E /* Build configuration list for PBXNativeTarget "tochka_test" */;
			buildPhases = (
				DF7A9A3922EE0D18001B008E /* Sources */,
				DF7A9A3A22EE0D18001B008E /* Frameworks */,
				DF7A9A3B22EE0D18001B008E /* Resources */,
			);
			buildRules = (
			);
			dependencies = (
			);
			name = tochka_test;
			productName = tochka_test;
			productReference = DF7A9A3D22EE0D18001B008E /* tochka_test.app */;
			productType = "com.apple.product-type.application";
		};
/* End PBXNativeTarget section */

/* Begin PBXProject section */
		DF7A9A3522EE0D18001B008E /* Project object */ = {
			isa = PBXProject;
			attributes = {
				LastSwiftUpdateCheck = 1020;
				LastUpgradeCheck = 1020;
				ORGANIZATIONNAME = "Станислав Коцарь";
				TargetAttributes = {
					DF7A9A3C22EE0D18001B008E = {
						CreatedOnToolsVersion = 10.2.1;
					};
				};
			};
			buildConfigurationList = DF7A9A3822EE0D18001B008E /* Build configuration list for PBXProject "tochka_test" */;
			compatibilityVersion = "Xcode 9.3";
			developmentRegion = en;
			hasScannedForEncodings = 0;
			knownRegions = (
				en,
				Base,
			);
			mainGroup = DF7A9A3422EE0D18001B008E;
			productRefGroup = DF7A9A3E22EE0D18001B008E /* Products */;
			projectDirPath = "";
			projectRoot = "";
			targets = (
				DF7A9A3C22EE0D18001B008E /* tochka_test */,
			);
		};
/* End PBXProject section */

/* Begin PBXResourcesBuildPhase section */
		DF7A9A3B22EE0D18001B008E /* Resources */ = {
			isa = PBXResourcesBuildPhase;
			buildActionMask = 2147483647;
			files = (
				DF7A9A4E22EE0D1A001B008E /* LaunchScreen.storyboard in Resources */,
				DF7A9A4B22EE0D1A001B008E /* Assets.xcassets in Resources */,
			);
			runOnlyForDeploymentPostprocessing = 0;
		};
/* End PBXResourcesBuildPhase section */

/* Begin PBXSourcesBuildPhase section */
		DF7A9A3922EE0D18001B008E /* Sources */ = {
			isa = PBXSourcesBuildPhase;
			buildActionMask = 2147483647;
			files = (
				DF24196722EF1F97001E03E1 /* tochka_test.xcdatamodeld in Sources */,
				DF24196222EF1F38001E03E1 /* ArticleData.swift in Sources */,
				DF24196A22EF209A001E03E1 /* Article+CoreDataClass.swift in Sources */,
				DF7A9A4322EE0D18001B008E /* NewsTableViewController.swift in Sources */,
				DF39043922EF0F06009AB350 /* LocalService.swift in Sources */,
				DF24196B22EF209A001E03E1 /* Article+CoreDataProperties.swift in Sources */,
				DF7A9A6722EE3AB5001B008E /* NewsTableViewCell.swift in Sources */,
				DF7A9A5F22EE1DC7001B008E /* WebModel.swift in Sources */,
				DF24196E22EF61DF001E03E1 /* NewsTableViewModel.swift in Sources */,
				DF7A9A5D22EE1A4B001B008E /* RemoteService.swift in Sources */,
				DF7A9A6222EE3819001B008E /* NavigationController.swift in Sources */,
				DF7A9A4122EE0D18001B008E /* AppDelegate.swift in Sources */,
			);
			runOnlyForDeploymentPostprocessing = 0;
		};
/* End PBXSourcesBuildPhase section */

/* Begin PBXVariantGroup section */
		DF7A9A4C22EE0D1A001B008E /* LaunchScreen.storyboard */ = {
			isa = PBXVariantGroup;
			children = (
				DF7A9A4D22EE0D1A001B008E /* Base */,
			);
			name = LaunchScreen.storyboard;
			sourceTree = "<group>";
		};
/* End PBXVariantGroup section */

/* Begin XCBuildConfiguration section */
		DF7A9A5022EE0D1A001B008E /* Debug */ = {
			isa = XCBuildConfiguration;
			buildSettings = {
				ALWAYS_SEARCH_USER_PATHS = NO;
				CLANG_ANALYZER_NONNULL = YES;
				CLANG_ANALYZER_NUMBER_OBJECT_CONVERSION = YES_AGGRESSIVE;
				CLANG_CXX_LANGUAGE_STANDARD = "gnu++14";
				CLANG_CXX_LIBRARY = "libc++";
				CLANG_ENABLE_MODULES = YES;
				CLANG_ENABLE_OBJC_ARC = YES;
				CLANG_ENABLE_OBJC_WEAK = YES;
				CLANG_WARN_BLOCK_CAPTURE_AUTORELEASING = YES;
				CLANG_WARN_BOOL_CONVERSION = YES;
				CLANG_WARN_COMMA = YES;
				CLANG_WARN_CONSTANT_CONVERSION = YES;
				CLANG_WARN_DEPRECATED_OBJC_IMPLEMENTATIONS = YES;
				CLANG_WARN_DIRECT_OBJC_ISA_USAGE = YES_ERROR;
				CLANG_WARN_DOCUMENTATION_COMMENTS = YES;
				CLANG_WARN_EMPTY_BODY = YES;
				CLANG_WARN_ENUM_CONVERSION = YES;
				CLANG_WARN_INFINITE_RECURSION = YES;
				CLANG_WARN_INT_CONVERSION = YES;
				CLANG_WARN_NON_LITERAL_NULL_CONVERSION = YES;
				CLANG_WARN_OBJC_IMPLICIT_RETAIN_SELF = YES;
				CLANG_WARN_OBJC_LITERAL_CONVERSION = YES;
				CLANG_WARN_OBJC_ROOT_CLASS = YES_ERROR;
				CLANG_WARN_RANGE_LOOP_ANALYSIS = YES;
				CLANG_WARN_STRICT_PROTOTYPES = YES;
				CLANG_WARN_SUSPICIOUS_MOVE = YES;
				CLANG_WARN_UNGUARDED_AVAILABILITY = YES_AGGRESSIVE;
				CLANG_WARN_UNREACHABLE_CODE = YES;
				CLANG_WARN__DUPLICATE_METHOD_MATCH = YES;
				CODE_SIGN_IDENTITY = "iPhone Developer";
				COPY_PHASE_STRIP = NO;
				DEBUG_INFORMATION_FORMAT = dwarf;
				ENABLE_STRICT_OBJC_MSGSEND = YES;
				ENABLE_TESTABILITY = YES;
				GCC_C_LANGUAGE_STANDARD = gnu11;
				GCC_DYNAMIC_NO_PIC = NO;
				GCC_NO_COMMON_BLOCKS = YES;
				GCC_OPTIMIZATION_LEVEL = 0;
				GCC_PREPROCESSOR_DEFINITIONS = (
					"DEBUG=1",
					"$(inherited)",
				);
				GCC_WARN_64_TO_32_BIT_CONVERSION = YES;
				GCC_WARN_ABOUT_RETURN_TYPE = YES_ERROR;
				GCC_WARN_UNDECLARED_SELECTOR = YES;
				GCC_WARN_UNINITIALIZED_AUTOS = YES_AGGRESSIVE;
				GCC_WARN_UNUSED_FUNCTION = YES;
				GCC_WARN_UNUSED_VARIABLE = YES;
				IPHONEOS_DEPLOYMENT_TARGET = 12.2;
				MTL_ENABLE_DEBUG_INFO = INCLUDE_SOURCE;
				MTL_FAST_MATH = YES;
				ONLY_ACTIVE_ARCH = YES;
				SDKROOT = iphoneos;
				SWIFT_ACTIVE_COMPILATION_CONDITIONS = DEBUG;
				SWIFT_OPTIMIZATION_LEVEL = "-Onone";
			};
			name = Debug;
		};
		DF7A9A5122EE0D1A001B008E /* Release */ = {
			isa = XCBuildConfiguration;
			buildSettings = {
				ALWAYS_SEARCH_USER_PATHS = NO;
				CLANG_ANALYZER_NONNULL = YES;
				CLANG_ANALYZER_NUMBER_OBJECT_CONVERSION = YES_AGGRESSIVE;
				CLANG_CXX_LANGUAGE_STANDARD = "gnu++14";
				CLANG_CXX_LIBRARY = "libc++";
				CLANG_ENABLE_MODULES = YES;
				CLANG_ENABLE_OBJC_ARC = YES;
				CLANG_ENABLE_OBJC_WEAK = YES;
				CLANG_WARN_BLOCK_CAPTURE_AUTORELEASING = YES;
				CLANG_WARN_BOOL_CONVERSION = YES;
				CLANG_WARN_COMMA = YES;
				CLANG_WARN_CONSTANT_CONVERSION = YES;
				CLANG_WARN_DEPRECATED_OBJC_IMPLEMENTATIONS = YES;
				CLANG_WARN_DIRECT_OBJC_ISA_USAGE = YES_ERROR;
				CLANG_WARN_DOCUMENTATION_COMMENTS = YES;
				CLANG_WARN_EMPTY_BODY = YES;
				CLANG_WARN_ENUM_CONVERSION = YES;
				CLANG_WARN_INFINITE_RECURSION = YES;
				CLANG_WARN_INT_CONVERSION = YES;
				CLANG_WARN_NON_LITERAL_NULL_CONVERSION = YES;
				CLANG_WARN_OBJC_IMPLICIT_RETAIN_SELF = YES;
				CLANG_WARN_OBJC_LITERAL_CONVERSION = YES;
				CLANG_WARN_OBJC_ROOT_CLASS = YES_ERROR;
				CLANG_WARN_RANGE_LOOP_ANALYSIS = YES;
				CLANG_WARN_STRICT_PROTOTYPES = YES;
				CLANG_WARN_SUSPICIOUS_MOVE = YES;
				CLANG_WARN_UNGUARDED_AVAILABILITY = YES_AGGRESSIVE;
				CLANG_WARN_UNREACHABLE_CODE = YES;
				CLANG_WARN__DUPLICATE_METHOD_MATCH = YES;
				CODE_SIGN_IDENTITY = "iPhone Developer";
				COPY_PHASE_STRIP = NO;
				DEBUG_INFORMATION_FORMAT = "dwarf-with-dsym";
				ENABLE_NS_ASSERTIONS = NO;
				ENABLE_STRICT_OBJC_MSGSEND = YES;
				GCC_C_LANGUAGE_STANDARD = gnu11;
				GCC_NO_COMMON_BLOCKS = YES;
				GCC_WARN_64_TO_32_BIT_CONVERSION = YES;
				GCC_WARN_ABOUT_RETURN_TYPE = YES_ERROR;
				GCC_WARN_UNDECLARED_SELECTOR = YES;
				GCC_WARN_UNINITIALIZED_AUTOS = YES_AGGRESSIVE;
				GCC_WARN_UNUSED_FUNCTION = YES;
				GCC_WARN_UNUSED_VARIABLE = YES;
				IPHONEOS_DEPLOYMENT_TARGET = 12.2;
				MTL_ENABLE_DEBUG_INFO = NO;
				MTL_FAST_MATH = YES;
				SDKROOT = iphoneos;
				SWIFT_COMPILATION_MODE = wholemodule;
				SWIFT_OPTIMIZATION_LEVEL = "-O";
				VALIDATE_PRODUCT = YES;
			};
			name = Release;
		};
		DF7A9A5322EE0D1A001B008E /* Debug */ = {
			isa = XCBuildConfiguration;
			buildSettings = {
				ASSETCATALOG_COMPILER_APPICON_NAME = AppIcon;
				CODE_SIGN_STYLE = Automatic;
				DEVELOPMENT_TEAM = V4HQB64U4A;
				INFOPLIST_FILE = tochka_test/Info.plist;
				LD_RUNPATH_SEARCH_PATHS = (
					"$(inherited)",
					"@executable_path/Frameworks",
				);
				PRODUCT_BUNDLE_IDENTIFIER = "test.tochka-test";
				PRODUCT_NAME = "$(TARGET_NAME)";
				SWIFT_VERSION = 5.0;
				TARGETED_DEVICE_FAMILY = "1,2";
			};
			name = Debug;
		};
		DF7A9A5422EE0D1A001B008E /* Release */ = {
			isa = XCBuildConfiguration;
			buildSettings = {
				ASSETCATALOG_COMPILER_APPICON_NAME = AppIcon;
				CODE_SIGN_STYLE = Automatic;
				DEVELOPMENT_TEAM = V4HQB64U4A;
				INFOPLIST_FILE = tochka_test/Info.plist;
				LD_RUNPATH_SEARCH_PATHS = (
					"$(inherited)",
					"@executable_path/Frameworks",
				);
				PRODUCT_BUNDLE_IDENTIFIER = "test.tochka-test";
				PRODUCT_NAME = "$(TARGET_NAME)";
				SWIFT_VERSION = 5.0;
				TARGETED_DEVICE_FAMILY = "1,2";
			};
			name = Release;
		};
/* End XCBuildConfiguration section */

/* Begin XCConfigurationList section */
		DF7A9A3822EE0D18001B008E /* Build configuration list for PBXProject "tochka_test" */ = {
			isa = XCConfigurationList;
			buildConfigurations = (
				DF7A9A5022EE0D1A001B008E /* Debug */,
				DF7A9A5122EE0D1A001B008E /* Release */,
			);
			defaultConfigurationIsVisible = 0;
			defaultConfigurationName = Release;
		};
		DF7A9A5222EE0D1A001B008E /* Build configuration list for PBXNativeTarget "tochka_test" */ = {
			isa = XCConfigurationList;
			buildConfigurations = (
				DF7A9A5322EE0D1A001B008E /* Debug */,
				DF7A9A5422EE0D1A001B008E /* Release */,
			);
			defaultConfigurationIsVisible = 0;
			defaultConfigurationName = Release;
		};
/* End XCConfigurationList section */

/* Begin XCVersionGroup section */
		DF24196522EF1F97001E03E1 /* tochka_test.xcdatamodeld */ = {
			isa = XCVersionGroup;
			children = (
				DF24196622EF1F97001E03E1 /* tochka_test.xcdatamodel */,
			);
			currentVersion = DF24196622EF1F97001E03E1 /* tochka_test.xcdatamodel */;
			path = tochka_test.xcdatamodeld;
			sourceTree = "<group>";
			versionGroupType = wrapper.xcdatamodel;
		};
/* End XCVersionGroup section */
	};
	rootObject = DF7A9A3522EE0D18001B008E /* Project object */;
}
